
Microsoft Visual Studio Solution File, Format Version 12.00
# Visual Studio 15
VisualStudioVersion = 15.0.26730.16
MinimumVisualStudioVersion = 10.0.40219.1
Project("{FAE04EC0-301F-11D3-BF4B-00C04F79EFBC}") = "ClassLibrary", "ClassLibrary\ClassLibrary.csproj", "{C9459D93-97A2-490C-9E42-6D063E0E2F50}"
EndProject
Project("{FAE04EC0-301F-11D3-BF4B-00C04F79EFBC}") = "10.30.30", "10.30.30\10.30.30.csproj", "{430E3A78-4C42-434E-80BA-9FA64020DBC5}"
EndProject
Project("{FAE04EC0-301F-11D3-BF4B-00C04F79EFBC}") = "101.30.30", "101.30.30\101.30.30.csproj", "{30DA19A4-4DF1-4F62-999D-11D4A9DC320B}"
EndProject
Project("{FAE04EC0-301F-11D3-BF4B-00C04F79EFBC}") = "13.62.30", "13.30.30\13.62.30.csproj", "{B545ACF4-27E4-410A-B981-B05DBCE75BD9}"
EndProject
Project("{FAE04EC0-301F-11D3-BF4B-00C04F79EFBC}") = "VisualeClasses", "VisualeClasses\VisualeClasses.csproj", "{EB3E76AB-0EC3-4704-A716-83E9CA48EA14}"
EndProject
Project("{FAE04EC0-301F-11D3-BF4B-00C04F79EFBC}") = "10.30.30Consol", "10.30.30Consol\10.30.30Consol.csproj", "{3A5962ED-168E-490B-9E5A-AD8CDB1144C7}"
EndProject
Project("{FAE04EC0-301F-11D3-BF4B-00C04F79EFBC}") = "FileClassLibrary", "FileClassLibrary\FileClassLibrary.csproj", "{32F1E09E-F40A-40E6-85DD-686E464991EF}"
EndProject
Global
	GlobalSection(SolutionConfigurationPlatforms) = preSolution
		Debug|Any CPU = Debug|Any CPU
		Release|Any CPU = Release|Any CPU
	EndGlobalSection
	GlobalSection(ProjectConfigurationPlatforms) = postSolution
		{C9459D93-97A2-490C-9E42-6D063E0E2F50}.Debug|Any CPU.ActiveCfg = Debug|Any CPU
		{C9459D93-97A2-490C-9E42-6D063E0E2F50}.Debug|Any CPU.Build.0 = Debug|Any CPU
		{C9459D93-97A2-490C-9E42-6D063E0E2F50}.Release|Any CPU.ActiveCfg = Release|Any CPU
		{C9459D93-97A2-490C-9E42-6D063E0E2F50}.Release|Any CPU.Build.0 = Release|Any CPU
		{430E3A78-4C42-434E-80BA-9FA64020DBC5}.Debug|Any CPU.ActiveCfg = Debug|Any CPU
		{430E3A78-4C42-434E-80BA-9FA64020DBC5}.Debug|Any CPU.Build.0 = Debug|Any CPU
		{430E3A78-4C42-434E-80BA-9FA64020DBC5}.Release|Any CPU.ActiveCfg = Release|Any CPU
		{430E3A78-4C42-434E-80BA-9FA64020DBC5}.Release|Any CPU.Build.0 = Release|Any CPU
		{30DA19A4-4DF1-4F62-999D-11D4A9DC320B}.Debug|Any CPU.ActiveCfg = Debug|Any CPU
		{30DA19A4-4DF1-4F62-999D-11D4A9DC320B}.Debug|Any CPU.Build.0 = Debug|Any CPU
		{30DA19A4-4DF1-4F62-999D-11D4A9DC320B}.Release|Any CPU.ActiveCfg = Release|Any CPU
		{30DA19A4-4DF1-4F62-999D-11D4A9DC320B}.Release|Any CPU.Build.0 = Release|Any CPU
		{B545ACF4-27E4-410A-B981-B05DBCE75BD9}.Debug|Any CPU.ActiveCfg = Debug|Any CPU
		{B545ACF4-27E4-410A-B981-B05DBCE75BD9}.Debug|Any CPU.Build.0 = Debug|Any CPU
		{B545ACF4-27E4-410A-B981-B05DBCE75BD9}.Release|Any CPU.ActiveCfg = Release|Any CPU
		{B545ACF4-27E4-410A-B981-B05DBCE75BD9}.Release|Any CPU.Build.0 = Release|Any CPU
		{EB3E76AB-0EC3-4704-A716-83E9CA48EA14}.Debug|Any CPU.ActiveCfg = Debug|Any CPU
		{EB3E76AB-0EC3-4704-A716-83E9CA48EA14}.Debug|Any CPU.Build.0 = Debug|Any CPU
		{EB3E76AB-0EC3-4704-A716-83E9CA48EA14}.Release|Any CPU.ActiveCfg = Release|Any CPU
		{EB3E76AB-0EC3-4704-A716-83E9CA48EA14}.Release|Any CPU.Build.0 = Release|Any CPU
		{3A5962ED-168E-490B-9E5A-AD8CDB1144C7}.Debug|Any CPU.ActiveCfg = Debug|Any CPU
		{3A5962ED-168E-490B-9E5A-AD8CDB1144C7}.Debug|Any CPU.Build.0 = Debug|Any CPU
		{3A5962ED-168E-490B-9E5A-AD8CDB1144C7}.Release|Any CPU.ActiveCfg = Release|Any CPU
		{3A5962ED-168E-490B-9E5A-AD8CDB1144C7}.Release|Any CPU.Build.0 = Release|Any CPU
		{32F1E09E-F40A-40E6-85DD-686E464991EF}.Debug|Any CPU.ActiveCfg = Debug|Any CPU
		{32F1E09E-F40A-40E6-85DD-686E464991EF}.Debug|Any CPU.Build.0 = Debug|Any CPU
		{32F1E09E-F40A-40E6-85DD-686E464991EF}.Release|Any CPU.ActiveCfg = Release|Any CPU
		{32F1E09E-F40A-40E6-85DD-686E464991EF}.Release|Any CPU.Build.0 = Release|Any CPU
	EndGlobalSection
	GlobalSection(SolutionProperties) = preSolution
		HideSolutionNode = FALSE
	EndGlobalSection
	GlobalSection(ExtensibilityGlobals) = postSolution
		SolutionGuid = {FE8A0243-E6EA-478F-961D-A6456AF47986}
	EndGlobalSection
EndGlobal
